
Microsoft Visual Studio Solution File, Format Version 12.00
# Visual Studio Version 16
VisualStudioVersion = 16.0.29201.188
MinimumVisualStudioVersion = 10.0.40219.1
Project("{FAE04EC0-301F-11D3-BF4B-00C04F79EFBC}") = "DependencyInjection", "DependencyInjection\DependencyInjection.csproj", "{B53DFDE5-09DB-4118-ADD8-A6CB94257FC0}"
EndProject
Global
	GlobalSection(SolutionConfigurationPlatforms) = preSolution
		Debug|Any CPU = Debug|Any CPU
		Release|Any CPU = Release|Any CPU
	EndGlobalSection
	GlobalSection(ProjectConfigurationPlatforms) = postSolution
		{B53DFDE5-09DB-4118-ADD8-A6CB94257FC0}.Debug|Any CPU.ActiveCfg = Debug|Any CPU
		{B53DFDE5-09DB-4118-ADD8-A6CB94257FC0}.Debug|Any CPU.Build.0 = Debug|Any CPU
		{B53DFDE5-09DB-4118-ADD8-A6CB94257FC0}.Release|Any CPU.ActiveCfg = Release|Any CPU
		{B53DFDE5-09DB-4118-ADD8-A6CB94257FC0}.Release|Any CPU.Build.0 = Release|Any CPU
	EndGlobalSection
	GlobalSection(SolutionProperties) = preSolution
		HideSolutionNode = FALSE
	EndGlobalSection
	GlobalSection(ExtensibilityGlobals) = postSolution
		SolutionGuid = {FC6062DF-BE53-4646-909A-19E78255F713}
	EndGlobalSection
EndGlobal
